
Microsoft Visual Studio Solution File, Format Version 12.00
# Visual Studio Version 17
VisualStudioVersion = 17.0.32126.317
MinimumVisualStudioVersion = 10.0.40219.1
Project("{FAE04EC0-301F-11D3-BF4B-00C04F79EFBC}") = "Alura.Loja.Testes.ConsoleApp", "Alura.Loja.Testes.ConsoleApp\Alura.Loja.Testes.ConsoleApp.csproj", "{D59A32D0-B933-45D7-8922-483BF3C08524}"
EndProject
Project("{FAE04EC0-301F-11D3-BF4B-00C04F79EFBC}") = "Alura.Loja.Testes.Aula3.ConsoleApp", "Alura.Loja.Testes.Aula3.ConsoleApp\Alura.Loja.Testes.Aula3.ConsoleApp.csproj", "{35B6DA90-C252-447D-BC56-9942F4AF0C1D}"
EndProject
Global
	GlobalSection(SolutionConfigurationPlatforms) = preSolution
		Debug|Any CPU = Debug|Any CPU
		Release|Any CPU = Release|Any CPU
	EndGlobalSection
	GlobalSection(ProjectConfigurationPlatforms) = postSolution
		{D59A32D0-B933-45D7-8922-483BF3C08524}.Debug|Any CPU.ActiveCfg = Debug|Any CPU
		{D59A32D0-B933-45D7-8922-483BF3C08524}.Debug|Any CPU.Build.0 = Debug|Any CPU
		{D59A32D0-B933-45D7-8922-483BF3C08524}.Release|Any CPU.ActiveCfg = Release|Any CPU
		{D59A32D0-B933-45D7-8922-483BF3C08524}.Release|Any CPU.Build.0 = Release|Any CPU
		{35B6DA90-C252-447D-BC56-9942F4AF0C1D}.Debug|Any CPU.ActiveCfg = Debug|Any CPU
		{35B6DA90-C252-447D-BC56-9942F4AF0C1D}.Debug|Any CPU.Build.0 = Debug|Any CPU
		{35B6DA90-C252-447D-BC56-9942F4AF0C1D}.Release|Any CPU.ActiveCfg = Release|Any CPU
		{35B6DA90-C252-447D-BC56-9942F4AF0C1D}.Release|Any CPU.Build.0 = Release|Any CPU
	EndGlobalSection
	GlobalSection(SolutionProperties) = preSolution
		HideSolutionNode = FALSE
	EndGlobalSection
	GlobalSection(ExtensibilityGlobals) = postSolution
		SolutionGuid = {78A12475-1EA4-4048-950D-EBB816C0C6D9}
	EndGlobalSection
EndGlobal
